
Microsoft Visual Studio Solution File, Format Version 12.00
# Visual Studio Version 16
VisualStudioVersion = 16.0.32413.511
MinimumVisualStudioVersion = 10.0.40219.1
Project("{FAE04EC0-301F-11D3-BF4B-00C04F79EFBC}") = "16 17 18 для делда", "16 17 18 для делда\16 17 18 для делда.csproj", "{D8B9BAF2-657F-4970-B8A5-6E1D24E32EE9}"
EndProject
Global
	GlobalSection(SolutionConfigurationPlatforms) = preSolution
		Debug|Any CPU = Debug|Any CPU
		Release|Any CPU = Release|Any CPU
	EndGlobalSection
	GlobalSection(ProjectConfigurationPlatforms) = postSolution
		{D8B9BAF2-657F-4970-B8A5-6E1D24E32EE9}.Debug|Any CPU.ActiveCfg = Debug|Any CPU
		{D8B9BAF2-657F-4970-B8A5-6E1D24E32EE9}.Debug|Any CPU.Build.0 = Debug|Any CPU
		{D8B9BAF2-657F-4970-B8A5-6E1D24E32EE9}.Release|Any CPU.ActiveCfg = Release|Any CPU
		{D8B9BAF2-657F-4970-B8A5-6E1D24E32EE9}.Release|Any CPU.Build.0 = Release|Any CPU
	EndGlobalSection
	GlobalSection(SolutionProperties) = preSolution
		HideSolutionNode = FALSE
	EndGlobalSection
	GlobalSection(ExtensibilityGlobals) = postSolution
		SolutionGuid = {FE0581AC-D6B3-4C47-A684-F004BE3EFBED}
	EndGlobalSection
EndGlobal
